
Microsoft Visual Studio Solution File, Format Version 12.00
# Visual Studio 14
VisualStudioVersion = 14.0.25420.1
MinimumVisualStudioVersion = 10.0.40219.1
Project("{FAE04EC0-301F-11D3-BF4B-00C04F79EFBC}") = "Dapper", "src\Dapper\Dapper.csproj", "{3BE5F91A-14B4-460C-97C0-4CC8BBF26874}"
EndProject
Project("{FAE04EC0-301F-11D3-BF4B-00C04F79EFBC}") = "Dapper.SQLite", "src\Dapper.SQLite\Dapper.SQLite.csproj", "{2F50C03E-F208-46B3-8B55-480DA653113B}"
EndProject
Project("{FAE04EC0-301F-11D3-BF4B-00C04F79EFBC}") = "Dapper.Demo", "src\Dapper.Demo\Dapper.Demo.csproj", "{0EB317D8-1F32-45BB-A90F-8BC79551165E}"
EndProject
Global
	GlobalSection(SolutionConfigurationPlatforms) = preSolution
		Debug|Any CPU = Debug|Any CPU
		Release|Any CPU = Release|Any CPU
	EndGlobalSection
	GlobalSection(ProjectConfigurationPlatforms) = postSolution
		{3BE5F91A-14B4-460C-97C0-4CC8BBF26874}.Debug|Any CPU.ActiveCfg = Debug|Any CPU
		{3BE5F91A-14B4-460C-97C0-4CC8BBF26874}.Debug|Any CPU.Build.0 = Debug|Any CPU
		{3BE5F91A-14B4-460C-97C0-4CC8BBF26874}.Release|Any CPU.ActiveCfg = Release|Any CPU
		{3BE5F91A-14B4-460C-97C0-4CC8BBF26874}.Release|Any CPU.Build.0 = Release|Any CPU
		{2F50C03E-F208-46B3-8B55-480DA653113B}.Debug|Any CPU.ActiveCfg = Debug|Any CPU
		{2F50C03E-F208-46B3-8B55-480DA653113B}.Debug|Any CPU.Build.0 = Debug|Any CPU
		{2F50C03E-F208-46B3-8B55-480DA653113B}.Release|Any CPU.ActiveCfg = Release|Any CPU
		{2F50C03E-F208-46B3-8B55-480DA653113B}.Release|Any CPU.Build.0 = Release|Any CPU
		{0EB317D8-1F32-45BB-A90F-8BC79551165E}.Debug|Any CPU.ActiveCfg = Debug|Any CPU
		{0EB317D8-1F32-45BB-A90F-8BC79551165E}.Debug|Any CPU.Build.0 = Debug|Any CPU
		{0EB317D8-1F32-45BB-A90F-8BC79551165E}.Release|Any CPU.ActiveCfg = Release|Any CPU
		{0EB317D8-1F32-45BB-A90F-8BC79551165E}.Release|Any CPU.Build.0 = Release|Any CPU
	EndGlobalSection
	GlobalSection(SolutionProperties) = preSolution
		HideSolutionNode = FALSE
	EndGlobalSection
EndGlobal
